
Microsoft Visual Studio Solution File, Format Version 12.00
# Visual Studio 15
VisualStudioVersion = 15.0.28010.2046
MinimumVisualStudioVersion = 10.0.40219.1
Project("{FAE04EC0-301F-11D3-BF4B-00C04F79EFBC}") = "Marka Ekleme Çıkarma", "Marka Ekleme Çıkarma\Marka Ekleme Çıkarma.csproj", "{F6D3840C-7FB9-42DD-AB50-A17F2C1D3185}"
EndProject
Global
	GlobalSection(SolutionConfigurationPlatforms) = preSolution
		Debug|Any CPU = Debug|Any CPU
		Release|Any CPU = Release|Any CPU
	EndGlobalSection
	GlobalSection(ProjectConfigurationPlatforms) = postSolution
		{F6D3840C-7FB9-42DD-AB50-A17F2C1D3185}.Debug|Any CPU.ActiveCfg = Debug|Any CPU
		{F6D3840C-7FB9-42DD-AB50-A17F2C1D3185}.Debug|Any CPU.Build.0 = Debug|Any CPU
		{F6D3840C-7FB9-42DD-AB50-A17F2C1D3185}.Release|Any CPU.ActiveCfg = Release|Any CPU
		{F6D3840C-7FB9-42DD-AB50-A17F2C1D3185}.Release|Any CPU.Build.0 = Release|Any CPU
	EndGlobalSection
	GlobalSection(SolutionProperties) = preSolution
		HideSolutionNode = FALSE
	EndGlobalSection
	GlobalSection(ExtensibilityGlobals) = postSolution
		SolutionGuid = {4B679CBC-7061-458A-8431-7D3603EA2590}
	EndGlobalSection
EndGlobal
