
Microsoft Visual Studio Solution File, Format Version 12.00
# Visual Studio 15
VisualStudioVersion = 15.0.28307.1022
MinimumVisualStudioVersion = 10.0.40219.1
Project("{FAE04EC0-301F-11D3-BF4B-00C04F79EFBC}") = "Sayı Dönüşümleri", "Sayı Dönüşümleri\Sayı Dönüşümleri.csproj", "{0248876A-38C4-4542-A682-B8048234E306}"
EndProject
Global
	GlobalSection(SolutionConfigurationPlatforms) = preSolution
		Debug|Any CPU = Debug|Any CPU
		Release|Any CPU = Release|Any CPU
	EndGlobalSection
	GlobalSection(ProjectConfigurationPlatforms) = postSolution
		{0248876A-38C4-4542-A682-B8048234E306}.Debug|Any CPU.ActiveCfg = Debug|Any CPU
		{0248876A-38C4-4542-A682-B8048234E306}.Debug|Any CPU.Build.0 = Debug|Any CPU
		{0248876A-38C4-4542-A682-B8048234E306}.Release|Any CPU.ActiveCfg = Release|Any CPU
		{0248876A-38C4-4542-A682-B8048234E306}.Release|Any CPU.Build.0 = Release|Any CPU
	EndGlobalSection
	GlobalSection(SolutionProperties) = preSolution
		HideSolutionNode = FALSE
	EndGlobalSection
	GlobalSection(ExtensibilityGlobals) = postSolution
		SolutionGuid = {8D427BBE-608E-4B45-A2E4-2AA24E22A844}
	EndGlobalSection
EndGlobal
