
Microsoft Visual Studio Solution File, Format Version 12.00
# Visual Studio 15
VisualStudioVersion = 15.0.28307.705
MinimumVisualStudioVersion = 10.0.40219.1
Project("{FAE04EC0-301F-11D3-BF4B-00C04F79EFBC}") = "Ortalama Hesaplama", "Ortalama Hesaplama\Ortalama Hesaplama.csproj", "{A0B6BF08-924A-4B41-A8E9-6CBB7F6A1152}"
EndProject
Global
	GlobalSection(SolutionConfigurationPlatforms) = preSolution
		Debug|Any CPU = Debug|Any CPU
		Release|Any CPU = Release|Any CPU
	EndGlobalSection
	GlobalSection(ProjectConfigurationPlatforms) = postSolution
		{A0B6BF08-924A-4B41-A8E9-6CBB7F6A1152}.Debug|Any CPU.ActiveCfg = Debug|Any CPU
		{A0B6BF08-924A-4B41-A8E9-6CBB7F6A1152}.Debug|Any CPU.Build.0 = Debug|Any CPU
		{A0B6BF08-924A-4B41-A8E9-6CBB7F6A1152}.Release|Any CPU.ActiveCfg = Release|Any CPU
		{A0B6BF08-924A-4B41-A8E9-6CBB7F6A1152}.Release|Any CPU.Build.0 = Release|Any CPU
	EndGlobalSection
	GlobalSection(SolutionProperties) = preSolution
		HideSolutionNode = FALSE
	EndGlobalSection
	GlobalSection(ExtensibilityGlobals) = postSolution
		SolutionGuid = {6CA7B93A-A092-44D1-AB8D-4548DF035300}
	EndGlobalSection
EndGlobal
