
Microsoft Visual Studio Solution File, Format Version 12.00
# Visual Studio 15
VisualStudioVersion = 15.0.28010.2046
MinimumVisualStudioVersion = 10.0.40219.1
Project("{FAE04EC0-301F-11D3-BF4B-00C04F79EFBC}") = "Pizza Siparişi", "Pizza Siparişi\Pizza Siparişi.csproj", "{FC92CEDB-28C1-4274-AEBF-1FAA0E2E4F90}"
EndProject
Project("{FAE04EC0-301F-11D3-BF4B-00C04F79EFBC}") = "Ders Çalışma", "..\Ders Çalışma\Ders Çalışma\Ders Çalışma.csproj", "{C31DB110-B285-4F07-AD9A-C9441634F996}"
EndProject
Project("{FAE04EC0-301F-11D3-BF4B-00C04F79EFBC}") = "Çalışma Alanı", "..\Çalışma Alanı\Çalışma Alanı\Çalışma Alanı.csproj", "{C45B68F0-93DD-4C45-9C83-88066009AA6F}"
EndProject
Global
	GlobalSection(SolutionConfigurationPlatforms) = preSolution
		Debug|Any CPU = Debug|Any CPU
		Release|Any CPU = Release|Any CPU
	EndGlobalSection
	GlobalSection(ProjectConfigurationPlatforms) = postSolution
		{FC92CEDB-28C1-4274-AEBF-1FAA0E2E4F90}.Debug|Any CPU.ActiveCfg = Debug|Any CPU
		{FC92CEDB-28C1-4274-AEBF-1FAA0E2E4F90}.Debug|Any CPU.Build.0 = Debug|Any CPU
		{FC92CEDB-28C1-4274-AEBF-1FAA0E2E4F90}.Release|Any CPU.ActiveCfg = Release|Any CPU
		{FC92CEDB-28C1-4274-AEBF-1FAA0E2E4F90}.Release|Any CPU.Build.0 = Release|Any CPU
		{C31DB110-B285-4F07-AD9A-C9441634F996}.Debug|Any CPU.ActiveCfg = Debug|Any CPU
		{C31DB110-B285-4F07-AD9A-C9441634F996}.Debug|Any CPU.Build.0 = Debug|Any CPU
		{C31DB110-B285-4F07-AD9A-C9441634F996}.Release|Any CPU.ActiveCfg = Release|Any CPU
		{C31DB110-B285-4F07-AD9A-C9441634F996}.Release|Any CPU.Build.0 = Release|Any CPU
		{C45B68F0-93DD-4C45-9C83-88066009AA6F}.Debug|Any CPU.ActiveCfg = Debug|Any CPU
		{C45B68F0-93DD-4C45-9C83-88066009AA6F}.Debug|Any CPU.Build.0 = Debug|Any CPU
		{C45B68F0-93DD-4C45-9C83-88066009AA6F}.Release|Any CPU.ActiveCfg = Release|Any CPU
		{C45B68F0-93DD-4C45-9C83-88066009AA6F}.Release|Any CPU.Build.0 = Release|Any CPU
	EndGlobalSection
	GlobalSection(SolutionProperties) = preSolution
		HideSolutionNode = FALSE
	EndGlobalSection
	GlobalSection(ExtensibilityGlobals) = postSolution
		SolutionGuid = {CD2B88B9-63E9-4DD3-AFE2-79EB79A857B2}
	EndGlobalSection
EndGlobal
