
Microsoft Visual Studio Solution File, Format Version 12.00
# Visual Studio 15
VisualStudioVersion = 15.0.28010.2046
MinimumVisualStudioVersion = 10.0.40219.1
Project("{FAE04EC0-301F-11D3-BF4B-00C04F79EFBC}") = "Comboboxtan seçileni label a yazdırma", "Comboboxtan seçileni label a yazdırma\Comboboxtan seçileni label a yazdırma.csproj", "{96D4BD9E-A87D-46EF-B06A-142A8D161182}"
EndProject
Global
	GlobalSection(SolutionConfigurationPlatforms) = preSolution
		Debug|Any CPU = Debug|Any CPU
		Release|Any CPU = Release|Any CPU
	EndGlobalSection
	GlobalSection(ProjectConfigurationPlatforms) = postSolution
		{96D4BD9E-A87D-46EF-B06A-142A8D161182}.Debug|Any CPU.ActiveCfg = Debug|Any CPU
		{96D4BD9E-A87D-46EF-B06A-142A8D161182}.Debug|Any CPU.Build.0 = Debug|Any CPU
		{96D4BD9E-A87D-46EF-B06A-142A8D161182}.Release|Any CPU.ActiveCfg = Release|Any CPU
		{96D4BD9E-A87D-46EF-B06A-142A8D161182}.Release|Any CPU.Build.0 = Release|Any CPU
	EndGlobalSection
	GlobalSection(SolutionProperties) = preSolution
		HideSolutionNode = FALSE
	EndGlobalSection
	GlobalSection(ExtensibilityGlobals) = postSolution
		SolutionGuid = {C33EB268-2509-4A71-8BD5-6E1509647C27}
	EndGlobalSection
EndGlobal
