
Microsoft Visual Studio Solution File, Format Version 12.00
# Visual Studio 15
VisualStudioVersion = 15.0.28010.2046
MinimumVisualStudioVersion = 10.0.40219.1
Project("{FAE04EC0-301F-11D3-BF4B-00C04F79EFBC}") = "Çevre Alan", "Çevre Alan\Çevre Alan.csproj", "{80855651-8851-4700-AEBC-CB989989F46C}"
EndProject
Global
	GlobalSection(SolutionConfigurationPlatforms) = preSolution
		Debug|Any CPU = Debug|Any CPU
		Release|Any CPU = Release|Any CPU
	EndGlobalSection
	GlobalSection(ProjectConfigurationPlatforms) = postSolution
		{80855651-8851-4700-AEBC-CB989989F46C}.Debug|Any CPU.ActiveCfg = Debug|Any CPU
		{80855651-8851-4700-AEBC-CB989989F46C}.Debug|Any CPU.Build.0 = Debug|Any CPU
		{80855651-8851-4700-AEBC-CB989989F46C}.Release|Any CPU.ActiveCfg = Release|Any CPU
		{80855651-8851-4700-AEBC-CB989989F46C}.Release|Any CPU.Build.0 = Release|Any CPU
	EndGlobalSection
	GlobalSection(SolutionProperties) = preSolution
		HideSolutionNode = FALSE
	EndGlobalSection
	GlobalSection(ExtensibilityGlobals) = postSolution
		SolutionGuid = {66A82A62-9897-420F-A4DF-285D56050C49}
	EndGlobalSection
EndGlobal
