
Microsoft Visual Studio Solution File, Format Version 12.00
# Visual Studio 15
VisualStudioVersion = 15.0.28010.2046
MinimumVisualStudioVersion = 10.0.40219.1
Project("{FAE04EC0-301F-11D3-BF4B-00C04F79EFBC}") = "Sayı Tahmin Oyunu", "Sayı Tahmin Oyunu\Sayı Tahmin Oyunu.csproj", "{F204DD43-6F13-40D7-A86C-528EF3F92DD8}"
EndProject
Global
	GlobalSection(SolutionConfigurationPlatforms) = preSolution
		Debug|Any CPU = Debug|Any CPU
		Release|Any CPU = Release|Any CPU
	EndGlobalSection
	GlobalSection(ProjectConfigurationPlatforms) = postSolution
		{F204DD43-6F13-40D7-A86C-528EF3F92DD8}.Debug|Any CPU.ActiveCfg = Debug|Any CPU
		{F204DD43-6F13-40D7-A86C-528EF3F92DD8}.Debug|Any CPU.Build.0 = Debug|Any CPU
		{F204DD43-6F13-40D7-A86C-528EF3F92DD8}.Release|Any CPU.ActiveCfg = Release|Any CPU
		{F204DD43-6F13-40D7-A86C-528EF3F92DD8}.Release|Any CPU.Build.0 = Release|Any CPU
	EndGlobalSection
	GlobalSection(SolutionProperties) = preSolution
		HideSolutionNode = FALSE
	EndGlobalSection
	GlobalSection(ExtensibilityGlobals) = postSolution
		SolutionGuid = {A09CA0E6-FCDC-4B28-B4E4-63044469CEA4}
	EndGlobalSection
EndGlobal
