
Microsoft Visual Studio Solution File, Format Version 12.00
# Visual Studio 15
VisualStudioVersion = 15.0.28010.2046
MinimumVisualStudioVersion = 10.0.40219.1
Project("{FAE04EC0-301F-11D3-BF4B-00C04F79EFBC}") = "Açı derecelendirici", "Açı derecelendirici\Açı derecelendirici.csproj", "{22A3971F-E55F-4095-8548-C2827553C600}"
EndProject
Global
	GlobalSection(SolutionConfigurationPlatforms) = preSolution
		Debug|Any CPU = Debug|Any CPU
		Release|Any CPU = Release|Any CPU
	EndGlobalSection
	GlobalSection(ProjectConfigurationPlatforms) = postSolution
		{22A3971F-E55F-4095-8548-C2827553C600}.Debug|Any CPU.ActiveCfg = Debug|Any CPU
		{22A3971F-E55F-4095-8548-C2827553C600}.Debug|Any CPU.Build.0 = Debug|Any CPU
		{22A3971F-E55F-4095-8548-C2827553C600}.Release|Any CPU.ActiveCfg = Release|Any CPU
		{22A3971F-E55F-4095-8548-C2827553C600}.Release|Any CPU.Build.0 = Release|Any CPU
	EndGlobalSection
	GlobalSection(SolutionProperties) = preSolution
		HideSolutionNode = FALSE
	EndGlobalSection
	GlobalSection(ExtensibilityGlobals) = postSolution
		SolutionGuid = {12FFC68D-DA95-4D9C-A9AA-FC0CC9B74DD5}
	EndGlobalSection
EndGlobal
