
Microsoft Visual Studio Solution File, Format Version 12.00
# Visual Studio 15
VisualStudioVersion = 15.0.28307.705
MinimumVisualStudioVersion = 10.0.40219.1
Project("{FAE04EC0-301F-11D3-BF4B-00C04F79EFBC}") = "Kaç tane asal sayı var", "Kaç tane asal sayı var\Kaç tane asal sayı var.csproj", "{D8C6ED42-373B-45BE-A887-34F967D56723}"
EndProject
Global
	GlobalSection(SolutionConfigurationPlatforms) = preSolution
		Debug|Any CPU = Debug|Any CPU
		Release|Any CPU = Release|Any CPU
	EndGlobalSection
	GlobalSection(ProjectConfigurationPlatforms) = postSolution
		{D8C6ED42-373B-45BE-A887-34F967D56723}.Debug|Any CPU.ActiveCfg = Debug|Any CPU
		{D8C6ED42-373B-45BE-A887-34F967D56723}.Debug|Any CPU.Build.0 = Debug|Any CPU
		{D8C6ED42-373B-45BE-A887-34F967D56723}.Release|Any CPU.ActiveCfg = Release|Any CPU
		{D8C6ED42-373B-45BE-A887-34F967D56723}.Release|Any CPU.Build.0 = Release|Any CPU
	EndGlobalSection
	GlobalSection(SolutionProperties) = preSolution
		HideSolutionNode = FALSE
	EndGlobalSection
	GlobalSection(ExtensibilityGlobals) = postSolution
		SolutionGuid = {7D79C1EA-7D1D-4026-931B-DADE6D181FAC}
	EndGlobalSection
EndGlobal
